// !$*UTF8*$!
{
	archiveVersion = 1;
	classes = {
	};
	objectVersion = 46;
	objects = {

/* Begin PBXBuildFile section */
		6E44954AE96FA137C5FCD99E /* Pods_WorldMusicApp.framework in Frameworks */ = {isa = PBXBuildFile; fileRef = 800C164A2865AA31DB2F964D /* Pods_WorldMusicApp.framework */; };
		EF7F669F1D33F948004CC839 /* AppDelegate.swift in Sources */ = {isa = PBXBuildFile; fileRef = EF7F669E1D33F948004CC839 /* AppDelegate.swift */; };
		EF7F66A11D33F948004CC839 /* ViewController.swift in Sources */ = {isa = PBXBuildFile; fileRef = EF7F66A01D33F948004CC839 /* ViewController.swift */; };
		EF7F66A41D33F949004CC839 /* Main.storyboard in Resources */ = {isa = PBXBuildFile; fileRef = EF7F66A21D33F949004CC839 /* Main.storyboard */; };
		EF7F66A61D33F949004CC839 /* Assets.xcassets in Resources */ = {isa = PBXBuildFile; fileRef = EF7F66A51D33F949004CC839 /* Assets.xcassets */; };
		EF7F66A91D33F949004CC839 /* LaunchScreen.storyboard in Resources */ = {isa = PBXBuildFile; fileRef = EF7F66A71D33F949004CC839 /* LaunchScreen.storyboard */; };
		EFD2B08D1D4AC9F800F428F9 /* FavoritesTableViewController.swift in Sources */ = {isa = PBXBuildFile; fileRef = EFD2B08C1D4AC9F800F428F9 /* FavoritesTableViewController.swift */; };
		EFD2B0911D4BCF4A00F428F9 /* songsHelper.swift in Sources */ = {isa = PBXBuildFile; fileRef = EFD2B0901D4BCF4A00F428F9 /* songsHelper.swift */; };
		EFDAFE201D3D869E00ED3DAE /* SongList.swift in Sources */ = {isa = PBXBuildFile; fileRef = EFDAFE1F1D3D869E00ED3DAE /* SongList.swift */; };
		EFDAFE221D3EDC1300ED3DAE /* CustomCell.swift in Sources */ = {isa = PBXBuildFile; fileRef = EFDAFE211D3EDC1300ED3DAE /* CustomCell.swift */; };
/* End PBXBuildFile section */

/* Begin PBXFileReference section */
		45380F9D8A4A69970FEE8858 /* Pods-WorldMusicApp.release.xcconfig */ = {isa = PBXFileReference; includeInIndex = 1; lastKnownFileType = text.xcconfig; name = "Pods-WorldMusicApp.release.xcconfig"; path = "Pods/Target Support Files/Pods-WorldMusicApp/Pods-WorldMusicApp.release.xcconfig"; sourceTree = "<group>"; };
		800C164A2865AA31DB2F964D /* Pods_WorldMusicApp.framework */ = {isa = PBXFileReference; explicitFileType = wrapper.framework; includeInIndex = 0; path = Pods_WorldMusicApp.framework; sourceTree = BUILT_PRODUCTS_DIR; };
		EF7F669B1D33F948004CC839 /* WorldMusicApp.app */ = {isa = PBXFileReference; explicitFileType = wrapper.application; includeInIndex = 0; path = WorldMusicApp.app; sourceTree = BUILT_PRODUCTS_DIR; };
		EF7F669E1D33F948004CC839 /* AppDelegate.swift */ = {isa = PBXFileReference; lastKnownFileType = sourcecode.swift; path = AppDelegate.swift; sourceTree = "<group>"; };
		EF7F66A01D33F948004CC839 /* ViewController.swift */ = {isa = PBXFileReference; lastKnownFileType = sourcecode.swift; path = ViewController.swift; sourceTree = "<group>"; };
		EF7F66A31D33F949004CC839 /* Base */ = {isa = PBXFileReference; lastKnownFileType = file.storyboard; name = Base; path = Base.lproj/Main.storyboard; sourceTree = "<group>"; };
		EF7F66A51D33F949004CC839 /* Assets.xcassets */ = {isa = PBXFileReference; lastKnownFileType = folder.assetcatalog; path = Assets.xcassets; sourceTree = "<group>"; };
		EF7F66A81D33F949004CC839 /* Base */ = {isa = PBXFileReference; lastKnownFileType = file.storyboard; name = Base; path = Base.lproj/LaunchScreen.storyboard; sourceTree = "<group>"; };
		EF7F66AA1D33F949004CC839 /* Info.plist */ = {isa = PBXFileReference; lastKnownFileType = text.plist.xml; path = Info.plist; sourceTree = "<group>"; };
		EFD2B08C1D4AC9F800F428F9 /* FavoritesTableViewController.swift */ = {isa = PBXFileReference; fileEncoding = 4; lastKnownFileType = sourcecode.swift; path = FavoritesTableViewController.swift; sourceTree = "<group>"; };
		EFD2B0901D4BCF4A00F428F9 /* songsHelper.swift */ = {isa = PBXFileReference; fileEncoding = 4; lastKnownFileType = sourcecode.swift; path = songsHelper.swift; sourceTree = "<group>"; };
		EFDAFE1F1D3D869E00ED3DAE /* SongList.swift */ = {isa = PBXFileReference; fileEncoding = 4; lastKnownFileType = sourcecode.swift; path = SongList.swift; sourceTree = "<group>"; };
		EFDAFE211D3EDC1300ED3DAE /* CustomCell.swift */ = {isa = PBXFileReference; fileEncoding = 4; lastKnownFileType = sourcecode.swift; path = CustomCell.swift; sourceTree = "<group>"; };
		F21E6045D3E831F793F5361C /* Pods-WorldMusicApp.debug.xcconfig */ = {isa = PBXFileReference; includeInIndex = 1; lastKnownFileType = text.xcconfig; name = "Pods-WorldMusicApp.debug.xcconfig"; path = "Pods/Target Support Files/Pods-WorldMusicApp/Pods-WorldMusicApp.debug.xcconfig"; sourceTree = "<group>"; };
/* End PBXFileReference section */

/* Begin PBXFrameworksBuildPhase section */
		EF7F66981D33F948004CC839 /* Frameworks */ = {
			isa = PBXFrameworksBuildPhase;
			buildActionMask = 2147483647;
			files = (
				6E44954AE96FA137C5FCD99E /* Pods_WorldMusicApp.framework in Frameworks */,
			);
			runOnlyForDeploymentPostprocessing = 0;
		};
/* End PBXFrameworksBuildPhase section */

/* Begin PBXGroup section */
		73DFCB5EB48D305DB394436E /* Pods */ = {
			isa = PBXGroup;
			children = (
				F21E6045D3E831F793F5361C /* Pods-WorldMusicApp.debug.xcconfig */,
				45380F9D8A4A69970FEE8858 /* Pods-WorldMusicApp.release.xcconfig */,
			);
			name = Pods;
			sourceTree = "<group>";
		};
		D56C2029A432E823AB5C8BA5 /* Frameworks */ = {
			isa = PBXGroup;
			children = (
				800C164A2865AA31DB2F964D /* Pods_WorldMusicApp.framework */,
			);
			name = Frameworks;
			sourceTree = "<group>";
		};
		EF7F66921D33F948004CC839 = {
			isa = PBXGroup;
			children = (
				EF7F669D1D33F948004CC839 /* WorldMusicApp */,
				EF7F669C1D33F948004CC839 /* Products */,
				73DFCB5EB48D305DB394436E /* Pods */,
				D56C2029A432E823AB5C8BA5 /* Frameworks */,
			);
			sourceTree = "<group>";
		};
		EF7F669C1D33F948004CC839 /* Products */ = {
			isa = PBXGroup;
			children = (
				EF7F669B1D33F948004CC839 /* WorldMusicApp.app */,
			);
			name = Products;
			sourceTree = "<group>";
		};
		EF7F669D1D33F948004CC839 /* WorldMusicApp */ = {
			isa = PBXGroup;
			children = (
				EF7F669E1D33F948004CC839 /* AppDelegate.swift */,
				EF7F66A01D33F948004CC839 /* ViewController.swift */,
				EF7F66A21D33F949004CC839 /* Main.storyboard */,
				EF7F66A51D33F949004CC839 /* Assets.xcassets */,
				EF7F66A71D33F949004CC839 /* LaunchScreen.storyboard */,
				EF7F66AA1D33F949004CC839 /* Info.plist */,
				EFDAFE1F1D3D869E00ED3DAE /* SongList.swift */,
				EFDAFE211D3EDC1300ED3DAE /* CustomCell.swift */,
				EFD2B08C1D4AC9F800F428F9 /* FavoritesTableViewController.swift */,
				EFD2B0901D4BCF4A00F428F9 /* songsHelper.swift */,
			);
			path = WorldMusicApp;
			sourceTree = "<group>";
		};
/* End PBXGroup section */

/* Begin PBXNativeTarget section */
		EF7F669A1D33F948004CC839 /* WorldMusicApp */ = {
			isa = PBXNativeTarget;
			buildConfigurationList = EF7F66AD1D33F949004CC839 /* Build configuration list for PBXNativeTarget "WorldMusicApp" */;
			buildPhases = (
				9FB824A00D1250DD9411E236 /* [CP] Check Pods Manifest.lock */,
				EF7F66971D33F948004CC839 /* Sources */,
				EF7F66981D33F948004CC839 /* Frameworks */,
				EF7F66991D33F948004CC839 /* Resources */,
				25A1C3F42855A0A4750B4CAB /* [CP] Embed Pods Frameworks */,
				3B44DF63FA1B4C88EA91F504 /* [CP] Copy Pods Resources */,
			);
			buildRules = (
			);
			dependencies = (
			);
			name = WorldMusicApp;
			productName = WorldMusicApp;
			productReference = EF7F669B1D33F948004CC839 /* WorldMusicApp.app */;
			productType = "com.apple.product-type.application";
		};
/* End PBXNativeTarget section */

/* Begin PBXProject section */
		EF7F66931D33F948004CC839 /* Project object */ = {
			isa = PBXProject;
			attributes = {
				LastSwiftUpdateCheck = 0730;
				LastUpgradeCheck = 0730;
				ORGANIZATIONNAME = "Era Iyer";
				TargetAttributes = {
					EF7F669A1D33F948004CC839 = {
						CreatedOnToolsVersion = 7.3.1;
						DevelopmentTeam = 8EDRYBK72P;
					};
				};
			};
			buildConfigurationList = EF7F66961D33F948004CC839 /* Build configuration list for PBXProject "WorldMusicApp" */;
			compatibilityVersion = "Xcode 3.2";
			developmentRegion = English;
			hasScannedForEncodings = 0;
			knownRegions = (
				en,
				Base,
			);
			mainGroup = EF7F66921D33F948004CC839;
			productRefGroup = EF7F669C1D33F948004CC839 /* Products */;
			projectDirPath = "";
			projectRoot = "";
			targets = (
				EF7F669A1D33F948004CC839 /* WorldMusicApp */,
			);
		};
/* End PBXProject section */

/* Begin PBXResourcesBuildPhase section */
		EF7F66991D33F948004CC839 /* Resources */ = {
			isa = PBXResourcesBuildPhase;
			buildActionMask = 2147483647;
			files = (
				EF7F66A91D33F949004CC839 /* LaunchScreen.storyboard in Resources */,
				EF7F66A61D33F949004CC839 /* Assets.xcassets in Resources */,
				EF7F66A41D33F949004CC839 /* Main.storyboard in Resources */,
			);
			runOnlyForDeploymentPostprocessing = 0;
		};
/* End PBXResourcesBuildPhase section */

/* Begin PBXShellScriptBuildPhase section */
		25A1C3F42855A0A4750B4CAB /* [CP] Embed Pods Frameworks */ = {
			isa = PBXShellScriptBuildPhase;
			buildActionMask = 2147483647;
			files = (
			);
			inputPaths = (
			);
			name = "[CP] Embed Pods Frameworks";
			outputPaths = (
			);
			runOnlyForDeploymentPostprocessing = 0;
			shellPath = /bin/sh;
			shellScript = "\"${SRCROOT}/Pods/Target Support Files/Pods-WorldMusicApp/Pods-WorldMusicApp-frameworks.sh\"\n";
			showEnvVarsInLog = 0;
		};
		3B44DF63FA1B4C88EA91F504 /* [CP] Copy Pods Resources */ = {
			isa = PBXShellScriptBuildPhase;
			buildActionMask = 2147483647;
			files = (
			);
			inputPaths = (
			);
			name = "[CP] Copy Pods Resources";
			outputPaths = (
			);
			runOnlyForDeploymentPostprocessing = 0;
			shellPath = /bin/sh;
			shellScript = "\"${SRCROOT}/Pods/Target Support Files/Pods-WorldMusicApp/Pods-WorldMusicApp-resources.sh\"\n";
			showEnvVarsInLog = 0;
		};
		9FB824A00D1250DD9411E236 /* [CP] Check Pods Manifest.lock */ = {
			isa = PBXShellScriptBuildPhase;
			buildActionMask = 2147483647;
			files = (
			);
			inputPaths = (
			);
			name = "[CP] Check Pods Manifest.lock";
			outputPaths = (
			);
			runOnlyForDeploymentPostprocessing = 0;
			shellPath = /bin/sh;
			shellScript = "diff \"${PODS_ROOT}/../Podfile.lock\" \"${PODS_ROOT}/Manifest.lock\" > /dev/null\nif [[ $? != 0 ]] ; then\n    cat << EOM\nerror: The sandbox is not in sync with the Podfile.lock. Run 'pod install' or update your CocoaPods installation.\nEOM\n    exit 1\nfi\n";
			showEnvVarsInLog = 0;
		};
/* End PBXShellScriptBuildPhase section */

/* Begin PBXSourcesBuildPhase section */
		EF7F66971D33F948004CC839 /* Sources */ = {
			isa = PBXSourcesBuildPhase;
			buildActionMask = 2147483647;
			files = (
				EFDAFE201D3D869E00ED3DAE /* SongList.swift in Sources */,
				EF7F66A11D33F948004CC839 /* ViewController.swift in Sources */,
				EFDAFE221D3EDC1300ED3DAE /* CustomCell.swift in Sources */,
				EFD2B08D1D4AC9F800F428F9 /* FavoritesTableViewController.swift in Sources */,
				EFD2B0911D4BCF4A00F428F9 /* songsHelper.swift in Sources */,
				EF7F669F1D33F948004CC839 /* AppDelegate.swift in Sources */,
			);
			runOnlyForDeploymentPostprocessing = 0;
		};
/* End PBXSourcesBuildPhase section */

/* Begin PBXVariantGroup section */
		EF7F66A21D33F949004CC839 /* Main.storyboard */ = {
			isa = PBXVariantGroup;
			children = (
				EF7F66A31D33F949004CC839 /* Base */,
			);
			name = Main.storyboard;
			sourceTree = "<group>";
		};
		EF7F66A71D33F949004CC839 /* LaunchScreen.storyboard */ = {
			isa = PBXVariantGroup;
			children = (
				EF7F66A81D33F949004CC839 /* Base */,
			);
			name = LaunchScreen.storyboard;
			sourceTree = "<group>";
		};
/* End PBXVariantGroup section */

/* Begin XCBuildConfiguration section */
		EF7F66AB1D33F949004CC839 /* Debug */ = {
			isa = XCBuildConfiguration;
			buildSettings = {
				ALWAYS_SEARCH_USER_PATHS = NO;
				CLANG_ANALYZER_NONNULL = YES;
				CLANG_CXX_LANGUAGE_STANDARD = "gnu++0x";
				CLANG_CXX_LIBRARY = "libc++";
				CLANG_ENABLE_MODULES = YES;
				CLANG_ENABLE_OBJC_ARC = YES;
				CLANG_WARN_BOOL_CONVERSION = YES;
				CLANG_WARN_CONSTANT_CONVERSION = YES;
				CLANG_WARN_DIRECT_OBJC_ISA_USAGE = YES_ERROR;
				CLANG_WARN_EMPTY_BODY = YES;
				CLANG_WARN_ENUM_CONVERSION = YES;
				CLANG_WARN_INT_CONVERSION = YES;
				CLANG_WARN_OBJC_ROOT_CLASS = YES_ERROR;
				CLANG_WARN_UNREACHABLE_CODE = YES;
				CLANG_WARN__DUPLICATE_METHOD_MATCH = YES;
				"CODE_SIGN_IDENTITY[sdk=iphoneos*]" = "iPhone Developer";
				COPY_PHASE_STRIP = NO;
				DEBUG_INFORMATION_FORMAT = dwarf;
				ENABLE_STRICT_OBJC_MSGSEND = YES;
				ENABLE_TESTABILITY = YES;
				GCC_C_LANGUAGE_STANDARD = gnu99;
				GCC_DYNAMIC_NO_PIC = NO;
				GCC_NO_COMMON_BLOCKS = YES;
				GCC_OPTIMIZATION_LEVEL = 0;
				GCC_PREPROCESSOR_DEFINITIONS = (
					"DEBUG=1",
					"$(inherited)",
				);
				GCC_WARN_64_TO_32_BIT_CONVERSION = YES;
				GCC_WARN_ABOUT_RETURN_TYPE = YES_ERROR;
				GCC_WARN_UNDECLARED_SELECTOR = YES;
				GCC_WARN_UNINITIALIZED_AUTOS = YES_AGGRESSIVE;
				GCC_WARN_UNUSED_FUNCTION = YES;
				GCC_WARN_UNUSED_VARIABLE = YES;
				IPHONEOS_DEPLOYMENT_TARGET = 9.3;
				MTL_ENABLE_DEBUG_INFO = YES;
				ONLY_ACTIVE_ARCH = YES;
				SDKROOT = iphoneos;
				SWIFT_OPTIMIZATION_LEVEL = "-Onone";
			};
			name = Debug;
		};
		EF7F66AC1D33F949004CC839 /* Release */ = {
			isa = XCBuildConfiguration;
			buildSettings = {
				ALWAYS_SEARCH_USER_PATHS = NO;
				CLANG_ANALYZER_NONNULL = YES;
				CLANG_CXX_LANGUAGE_STANDARD = "gnu++0x";
				CLANG_CXX_LIBRARY = "libc++";
				CLANG_ENABLE_MODULES = YES;
				CLANG_ENABLE_OBJC_ARC = YES;
				CLANG_WARN_BOOL_CONVERSION = YES;
				CLANG_WARN_CONSTANT_CONVERSION = YES;
				CLANG_WARN_DIRECT_OBJC_ISA_USAGE = YES_ERROR;
				CLANG_WARN_EMPTY_BODY = YES;
				CLANG_WARN_ENUM_CONVERSION = YES;
				CLANG_WARN_INT_CONVERSION = YES;
				CLANG_WARN_OBJC_ROOT_CLASS = YES_ERROR;
				CLANG_WARN_UNREACHABLE_CODE = YES;
				CLANG_WARN__DUPLICATE_METHOD_MATCH = YES;
				"CODE_SIGN_IDENTITY[sdk=iphoneos*]" = "iPhone Developer";
				COPY_PHASE_STRIP = NO;
				DEBUG_INFORMATION_FORMAT = "dwarf-with-dsym";
				ENABLE_NS_ASSERTIONS = NO;
				ENABLE_STRICT_OBJC_MSGSEND = YES;
				GCC_C_LANGUAGE_STANDARD = gnu99;
				GCC_NO_COMMON_BLOCKS = YES;
				GCC_WARN_64_TO_32_BIT_CONVERSION = YES;
				GCC_WARN_ABOUT_RETURN_TYPE = YES_ERROR;
				GCC_WARN_UNDECLARED_SELECTOR = YES;
				GCC_WARN_UNINITIALIZED_AUTOS = YES_AGGRESSIVE;
				GCC_WARN_UNUSED_FUNCTION = YES;
				GCC_WARN_UNUSED_VARIABLE = YES;
				IPHONEOS_DEPLOYMENT_TARGET = 9.3;
				MTL_ENABLE_DEBUG_INFO = NO;
				SDKROOT = iphoneos;
				VALIDATE_PRODUCT = YES;
			};
			name = Release;
		};
		EF7F66AE1D33F949004CC839 /* Debug */ = {
			isa = XCBuildConfiguration;
			baseConfigurationReference = F21E6045D3E831F793F5361C /* Pods-WorldMusicApp.debug.xcconfig */;
			buildSettings = {
				ASSETCATALOG_COMPILER_APPICON_NAME = AppIcon;
				CODE_SIGN_IDENTITY = "iPhone Developer";
				"CODE_SIGN_IDENTITY[sdk=iphoneos*]" = "iPhone Developer";
				INFOPLIST_FILE = WorldMusicApp/Info.plist;
				LD_RUNPATH_SEARCH_PATHS = "$(inherited) @executable_path/Frameworks";
				PRODUCT_BUNDLE_IDENTIFIER = com.makeschool.WorldMusicApp;
				PRODUCT_NAME = "$(TARGET_NAME)";
				PROVISIONING_PROFILE = "";
			};
			name = Debug;
		};
		EF7F66AF1D33F949004CC839 /* Release */ = {
			isa = XCBuildConfiguration;
			baseConfigurationReference = 45380F9D8A4A69970FEE8858 /* Pods-WorldMusicApp.release.xcconfig */;
			buildSettings = {
				ASSETCATALOG_COMPILER_APPICON_NAME = AppIcon;
				CODE_SIGN_IDENTITY = "iPhone Developer";
				"CODE_SIGN_IDENTITY[sdk=iphoneos*]" = "iPhone Developer";
				INFOPLIST_FILE = WorldMusicApp/Info.plist;
				LD_RUNPATH_SEARCH_PATHS = "$(inherited) @executable_path/Frameworks";
				PRODUCT_BUNDLE_IDENTIFIER = com.makeschool.WorldMusicApp;
				PRODUCT_NAME = "$(TARGET_NAME)";
				PROVISIONING_PROFILE = "";
			};
			name = Release;
		};
/* End XCBuildConfiguration section */

/* Begin XCConfigurationList section */
		EF7F66961D33F948004CC839 /* Build configuration list for PBXProject "WorldMusicApp" */ = {
			isa = XCConfigurationList;
			buildConfigurations = (
				EF7F66AB1D33F949004CC839 /* Debug */,
				EF7F66AC1D33F949004CC839 /* Release */,
			);
			defaultConfigurationIsVisible = 0;
			defaultConfigurationName = Release;
		};
		EF7F66AD1D33F949004CC839 /* Build configuration list for PBXNativeTarget "WorldMusicApp" */ = {
			isa = XCConfigurationList;
			buildConfigurations = (
				EF7F66AE1D33F949004CC839 /* Debug */,
				EF7F66AF1D33F949004CC839 /* Release */,
			);
			defaultConfigurationIsVisible = 0;
			defaultConfigurationName = Release;
		};
/* End XCConfigurationList section */
	};
	rootObject = EF7F66931D33F948004CC839 /* Project object */;
}
